<?xml version="1.0" encoding="UTF-8"?>
<CodeBlocks_project_file>
	<FileVersion major="1" minor="6"/>
	<Project>
		<Option title="linearna_rovnica"/>
		<Option makefile_is_custom="1"/>
		<Option compiler="gcc"/>
		<Option virtualFolders="CMake Files\;"/>
		<Build>
			<Target title="all">
				<Option working_dir="D:/Ap/Programovanie/MAP/Projects/CLionProjects/linearna-rovnica/cmake-build-debug-mingw"/>
				<Option type="4"/>
				<MakeCommands>
					<Build command="D:/Ap/Programovanie/MAP/MinGW/mingw64/bin/mingw32-make.exe -f &quot;D:/Ap/Programovanie/MAP/Projects/CLionProjects/linearna-rovnica/cmake-build-debug-mingw/Makefile&quot;  VERBOSE=1 all"/>
					<CompileFile command="D:/Ap/Programovanie/MAP/MinGW/mingw64/bin/mingw32-make.exe -f &quot;D:/Ap/Programovanie/MAP/Projects/CLionProjects/linearna-rovnica/cmake-build-debug-mingw/Makefile&quot;  VERBOSE=1 &quot;$file&quot;"/>
					<Clean command="D:/Ap/Programovanie/MAP/MinGW/mingw64/bin/mingw32-make.exe -f &quot;D:/Ap/Programovanie/MAP/Projects/CLionProjects/linearna-rovnica/cmake-build-debug-mingw/Makefile&quot;  VERBOSE=1 clean"/>
					<DistClean command="D:/Ap/Programovanie/MAP/MinGW/mingw64/bin/mingw32-make.exe -f &quot;D:/Ap/Programovanie/MAP/Projects/CLionProjects/linearna-rovnica/cmake-build-debug-mingw/Makefile&quot;  VERBOSE=1 clean"/>
				</MakeCommands>
			</Target>
			<Target title="linearna_rovnica">
				<Option output="D:/Ap/Programovanie/MAP/Projects/CLionProjects/linearna-rovnica/cmake-build-debug-mingw/linearna_rovnica.exe" prefix_auto="0" extension_auto="0"/>
				<Option working_dir="D:/Ap/Programovanie/MAP/Projects/CLionProjects/linearna-rovnica/cmake-build-debug-mingw"/>
				<Option object_output="./"/>
				<Option type="1"/>
				<Option compiler="gcc"/>
				<Compiler>
					<Add directory="D:/Ap/Programovanie/MAP/MinGW/mingw64/bin/../lib/gcc/x86_64-w64-mingw32/8.1.0/include/c++"/>
					<Add directory="D:/Ap/Programovanie/MAP/MinGW/mingw64/bin/../lib/gcc/x86_64-w64-mingw32/8.1.0/include/c++/x86_64-w64-mingw32"/>
					<Add directory="D:/Ap/Programovanie/MAP/MinGW/mingw64/bin/../lib/gcc/x86_64-w64-mingw32/8.1.0/include/c++/backward"/>
					<Add directory="D:/Ap/Programovanie/MAP/MinGW/mingw64/bin/../lib/gcc/x86_64-w64-mingw32/8.1.0/include"/>
					<Add directory="D:/Ap/Programovanie/MAP/MinGW/mingw64/bin/../lib/gcc/x86_64-w64-mingw32/8.1.0/include-fixed"/>
					<Add directory="D:/Ap/Programovanie/MAP/MinGW/mingw64/bin/../lib/gcc/x86_64-w64-mingw32/8.1.0/../../../../x86_64-w64-mingw32/include"/>
				</Compiler>
				<MakeCommands>
					<Build command="D:/Ap/Programovanie/MAP/MinGW/mingw64/bin/mingw32-make.exe -f &quot;D:/Ap/Programovanie/MAP/Projects/CLionProjects/linearna-rovnica/cmake-build-debug-mingw/Makefile&quot;  VERBOSE=1 linearna_rovnica"/>
					<CompileFile command="D:/Ap/Programovanie/MAP/MinGW/mingw64/bin/mingw32-make.exe -f &quot;D:/Ap/Programovanie/MAP/Projects/CLionProjects/linearna-rovnica/cmake-build-debug-mingw/Makefile&quot;  VERBOSE=1 &quot;$file&quot;"/>
					<Clean command="D:/Ap/Programovanie/MAP/MinGW/mingw64/bin/mingw32-make.exe -f &quot;D:/Ap/Programovanie/MAP/Projects/CLionProjects/linearna-rovnica/cmake-build-debug-mingw/Makefile&quot;  VERBOSE=1 clean"/>
					<DistClean command="D:/Ap/Programovanie/MAP/MinGW/mingw64/bin/mingw32-make.exe -f &quot;D:/Ap/Programovanie/MAP/Projects/CLionProjects/linearna-rovnica/cmake-build-debug-mingw/Makefile&quot;  VERBOSE=1 clean"/>
				</MakeCommands>
			</Target>
			<Target title="linearna_rovnica/fast">
				<Option output="D:/Ap/Programovanie/MAP/Projects/CLionProjects/linearna-rovnica/cmake-build-debug-mingw/linearna_rovnica.exe" prefix_auto="0" extension_auto="0"/>
				<Option working_dir="D:/Ap/Programovanie/MAP/Projects/CLionProjects/linearna-rovnica/cmake-build-debug-mingw"/>
				<Option object_output="./"/>
				<Option type="1"/>
				<Option compiler="gcc"/>
				<Compiler>
					<Add directory="D:/Ap/Programovanie/MAP/MinGW/mingw64/bin/../lib/gcc/x86_64-w64-mingw32/8.1.0/include/c++"/>
					<Add directory="D:/Ap/Programovanie/MAP/MinGW/mingw64/bin/../lib/gcc/x86_64-w64-mingw32/8.1.0/include/c++/x86_64-w64-mingw32"/>
					<Add directory="D:/Ap/Programovanie/MAP/MinGW/mingw64/bin/../lib/gcc/x86_64-w64-mingw32/8.1.0/include/c++/backward"/>
					<Add directory="D:/Ap/Programovanie/MAP/MinGW/mingw64/bin/../lib/gcc/x86_64-w64-mingw32/8.1.0/include"/>
					<Add directory="D:/Ap/Programovanie/MAP/MinGW/mingw64/bin/../lib/gcc/x86_64-w64-mingw32/8.1.0/include-fixed"/>
					<Add directory="D:/Ap/Programovanie/MAP/MinGW/mingw64/bin/../lib/gcc/x86_64-w64-mingw32/8.1.0/../../../../x86_64-w64-mingw32/include"/>
				</Compiler>
				<MakeCommands>
					<Build command="D:/Ap/Programovanie/MAP/MinGW/mingw64/bin/mingw32-make.exe -f &quot;D:/Ap/Programovanie/MAP/Projects/CLionProjects/linearna-rovnica/cmake-build-debug-mingw/Makefile&quot;  VERBOSE=1 linearna_rovnica/fast"/>
					<CompileFile command="D:/Ap/Programovanie/MAP/MinGW/mingw64/bin/mingw32-make.exe -f &quot;D:/Ap/Programovanie/MAP/Projects/CLionProjects/linearna-rovnica/cmake-build-debug-mingw/Makefile&quot;  VERBOSE=1 &quot;$file&quot;"/>
					<Clean command="D:/Ap/Programovanie/MAP/MinGW/mingw64/bin/mingw32-make.exe -f &quot;D:/Ap/Programovanie/MAP/Projects/CLionProjects/linearna-rovnica/cmake-build-debug-mingw/Makefile&quot;  VERBOSE=1 clean"/>
					<DistClean command="D:/Ap/Programovanie/MAP/MinGW/mingw64/bin/mingw32-make.exe -f &quot;D:/Ap/Programovanie/MAP/Projects/CLionProjects/linearna-rovnica/cmake-build-debug-mingw/Makefile&quot;  VERBOSE=1 clean"/>
				</MakeCommands>
			</Target>
			<Target title="edit_cache">
				<Option working_dir="D:/Ap/Programovanie/MAP/Projects/CLionProjects/linearna-rovnica/cmake-build-debug-mingw"/>
				<Option type="4"/>
				<MakeCommands>
					<Build command="D:/Ap/Programovanie/MAP/MinGW/mingw64/bin/mingw32-make.exe -f &quot;D:/Ap/Programovanie/MAP/Projects/CLionProjects/linearna-rovnica/cmake-build-debug-mingw/Makefile&quot;  VERBOSE=1 edit_cache"/>
					<CompileFile command="D:/Ap/Programovanie/MAP/MinGW/mingw64/bin/mingw32-make.exe -f &quot;D:/Ap/Programovanie/MAP/Projects/CLionProjects/linearna-rovnica/cmake-build-debug-mingw/Makefile&quot;  VERBOSE=1 &quot;$file&quot;"/>
					<Clean command="D:/Ap/Programovanie/MAP/MinGW/mingw64/bin/mingw32-make.exe -f &quot;D:/Ap/Programovanie/MAP/Projects/CLionProjects/linearna-rovnica/cmake-build-debug-mingw/Makefile&quot;  VERBOSE=1 clean"/>
					<DistClean command="D:/Ap/Programovanie/MAP/MinGW/mingw64/bin/mingw32-make.exe -f &quot;D:/Ap/Programovanie/MAP/Projects/CLionProjects/linearna-rovnica/cmake-build-debug-mingw/Makefile&quot;  VERBOSE=1 clean"/>
				</MakeCommands>
			</Target>
			<Target title="rebuild_cache">
				<Option working_dir="D:/Ap/Programovanie/MAP/Projects/CLionProjects/linearna-rovnica/cmake-build-debug-mingw"/>
				<Option type="4"/>
				<MakeCommands>
					<Build command="D:/Ap/Programovanie/MAP/MinGW/mingw64/bin/mingw32-make.exe -f &quot;D:/Ap/Programovanie/MAP/Projects/CLionProjects/linearna-rovnica/cmake-build-debug-mingw/Makefile&quot;  VERBOSE=1 rebuild_cache"/>
					<CompileFile command="D:/Ap/Programovanie/MAP/MinGW/mingw64/bin/mingw32-make.exe -f &quot;D:/Ap/Programovanie/MAP/Projects/CLionProjects/linearna-rovnica/cmake-build-debug-mingw/Makefile&quot;  VERBOSE=1 &quot;$file&quot;"/>
					<Clean command="D:/Ap/Programovanie/MAP/MinGW/mingw64/bin/mingw32-make.exe -f &quot;D:/Ap/Programovanie/MAP/Projects/CLionProjects/linearna-rovnica/cmake-build-debug-mingw/Makefile&quot;  VERBOSE=1 clean"/>
					<DistClean command="D:/Ap/Programovanie/MAP/MinGW/mingw64/bin/mingw32-make.exe -f &quot;D:/Ap/Programovanie/MAP/Projects/CLionProjects/linearna-rovnica/cmake-build-debug-mingw/Makefile&quot;  VERBOSE=1 clean"/>
				</MakeCommands>
			</Target>
		</Build>
		<Unit filename="D:/Ap/Programovanie/MAP/Projects/CLionProjects/linearna-rovnica/main.cpp">
			<Option target="linearna_rovnica"/>
		</Unit>
		<Unit filename="D:/Ap/Programovanie/MAP/Projects/CLionProjects/linearna-rovnica/CMakeLists.txt">
			<Option virtualFolder="CMake Files\"/>
		</Unit>
	</Project>
</CodeBlocks_project_file>
